
Microsoft Visual Studio Solution File, Format Version 12.00
# Visual Studio Version 17
VisualStudioVersion = 17.0.31903.59
MinimumVisualStudioVersion = 10.0.40219.1
Project("{FAE04EC0-301F-11D3-BF4B-00C04F79EFBC}") = "EasyAuthForK8s.Sample", "EasyAuthForK8s.Sample.csproj", "{AFE57BFB-FDCA-46BD-AC9E-12D0C333201F}"
EndProject
Global
	GlobalSection(SolutionConfigurationPlatforms) = preSolution
		Debug|Any CPU = Debug|Any CPU
		Release|Any CPU = Release|Any CPU
	EndGlobalSection
	GlobalSection(ProjectConfigurationPlatforms) = postSolution
		{AFE57BFB-FDCA-46BD-AC9E-12D0C333201F}.Debug|Any CPU.ActiveCfg = Debug|Any CPU
		{AFE57BFB-FDCA-46BD-AC9E-12D0C333201F}.Debug|Any CPU.Build.0 = Debug|Any CPU
		{AFE57BFB-FDCA-46BD-AC9E-12D0C333201F}.Release|Any CPU.ActiveCfg = Release|Any CPU
		{AFE57BFB-FDCA-46BD-AC9E-12D0C333201F}.Release|Any CPU.Build.0 = Release|Any CPU
	EndGlobalSection
	GlobalSection(SolutionProperties) = preSolution
		HideSolutionNode = FALSE
	EndGlobalSection
	GlobalSection(ExtensibilityGlobals) = postSolution
		SolutionGuid = {7969CE67-1CAD-440B-BD0D-8F2AA015AC33}
	EndGlobalSection
EndGlobal
